
Microsoft Visual Studio Solution File, Format Version 12.00
# Visual Studio Version 16
VisualStudioVersion = 16.0.31321.278
MinimumVisualStudioVersion = 10.0.40219.1
Project("{FAE04EC0-301F-11D3-BF4B-00C04F79EFBC}") = "Lab03", "Lab03\Lab03.csproj", "{6B0A1649-D1F2-49D9-AE1E-7DB6296DEB68}"
EndProject
Global
	GlobalSection(SolutionConfigurationPlatforms) = preSolution
		Debug|Any CPU = Debug|Any CPU
		Release|Any CPU = Release|Any CPU
	EndGlobalSection
	GlobalSection(ProjectConfigurationPlatforms) = postSolution
		{6B0A1649-D1F2-49D9-AE1E-7DB6296DEB68}.Debug|Any CPU.ActiveCfg = Debug|Any CPU
		{6B0A1649-D1F2-49D9-AE1E-7DB6296DEB68}.Debug|Any CPU.Build.0 = Debug|Any CPU
		{6B0A1649-D1F2-49D9-AE1E-7DB6296DEB68}.Release|Any CPU.ActiveCfg = Release|Any CPU
		{6B0A1649-D1F2-49D9-AE1E-7DB6296DEB68}.Release|Any CPU.Build.0 = Release|Any CPU
	EndGlobalSection
	GlobalSection(SolutionProperties) = preSolution
		HideSolutionNode = FALSE
	EndGlobalSection
	GlobalSection(ExtensibilityGlobals) = postSolution
		SolutionGuid = {250AD90D-8795-4057-A0B8-7C1415E691D2}
	EndGlobalSection
EndGlobal
